
Microsoft Visual Studio Solution File, Format Version 12.00
# Visual Studio Version 17
VisualStudioVersion = 17.0.31903.59
MinimumVisualStudioVersion = 10.0.40219.1
Project("{FAE04EC0-301F-11D3-BF4B-00C04F79EFBC}") = "ConsoleApp1", "ConsoleApp1\ConsoleApp1.csproj", "{D8199D53-3754-4414-87C1-CCCA070AD4FA}"
EndProject
Project("{FAE04EC0-301F-11D3-BF4B-00C04F79EFBC}") = "NotificationServices", "NotificationServices\NotificationServices.csproj", "{C92F236B-6F7A-4C2E-B012-44FA409CBAF7}"
EndProject
Project("{FAE04EC0-301F-11D3-BF4B-00C04F79EFBC}") = "StopWatch", "StopWatch\StopWatch.csproj", "{8F29C648-7B15-4969-9A71-5FC8191DA5CF}"
EndProject
Project("{FAE04EC0-301F-11D3-BF4B-00C04F79EFBC}") = "Pokedex", "Pokedex\Pokedex.csproj", "{DD5E5DD4-D2D8-400C-85B5-F16014D19DAF}"
EndProject
Global
	GlobalSection(SolutionConfigurationPlatforms) = preSolution
		Debug|Any CPU = Debug|Any CPU
		Release|Any CPU = Release|Any CPU
	EndGlobalSection
	GlobalSection(SolutionProperties) = preSolution
		HideSolutionNode = FALSE
	EndGlobalSection
	GlobalSection(ProjectConfigurationPlatforms) = postSolution
		{D8199D53-3754-4414-87C1-CCCA070AD4FA}.Debug|Any CPU.ActiveCfg = Debug|Any CPU
		{D8199D53-3754-4414-87C1-CCCA070AD4FA}.Debug|Any CPU.Build.0 = Debug|Any CPU
		{D8199D53-3754-4414-87C1-CCCA070AD4FA}.Release|Any CPU.ActiveCfg = Release|Any CPU
		{D8199D53-3754-4414-87C1-CCCA070AD4FA}.Release|Any CPU.Build.0 = Release|Any CPU
		{C92F236B-6F7A-4C2E-B012-44FA409CBAF7}.Debug|Any CPU.ActiveCfg = Debug|Any CPU
		{C92F236B-6F7A-4C2E-B012-44FA409CBAF7}.Debug|Any CPU.Build.0 = Debug|Any CPU
		{C92F236B-6F7A-4C2E-B012-44FA409CBAF7}.Release|Any CPU.ActiveCfg = Release|Any CPU
		{C92F236B-6F7A-4C2E-B012-44FA409CBAF7}.Release|Any CPU.Build.0 = Release|Any CPU
		{8F29C648-7B15-4969-9A71-5FC8191DA5CF}.Debug|Any CPU.ActiveCfg = Debug|Any CPU
		{8F29C648-7B15-4969-9A71-5FC8191DA5CF}.Debug|Any CPU.Build.0 = Debug|Any CPU
		{8F29C648-7B15-4969-9A71-5FC8191DA5CF}.Release|Any CPU.ActiveCfg = Release|Any CPU
		{8F29C648-7B15-4969-9A71-5FC8191DA5CF}.Release|Any CPU.Build.0 = Release|Any CPU
		{DD5E5DD4-D2D8-400C-85B5-F16014D19DAF}.Debug|Any CPU.ActiveCfg = Debug|Any CPU
		{DD5E5DD4-D2D8-400C-85B5-F16014D19DAF}.Debug|Any CPU.Build.0 = Debug|Any CPU
		{DD5E5DD4-D2D8-400C-85B5-F16014D19DAF}.Release|Any CPU.ActiveCfg = Release|Any CPU
		{DD5E5DD4-D2D8-400C-85B5-F16014D19DAF}.Release|Any CPU.Build.0 = Release|Any CPU
	EndGlobalSection
EndGlobal
